
Microsoft Visual Studio Solution File, Format Version 12.00
# Visual Studio 15
VisualStudioVersion = 15.0.26124.0
MinimumVisualStudioVersion = 15.0.26124.0
Project("{FAE04EC0-301F-11D3-BF4B-00C04F79EFBC}") = "ProAgil.WebAPI", "ProAgil.WebAPI\ProAgil.WebAPI.csproj", "{57FD529E-CAD6-4D73-A197-3397A40DA6F5}"
EndProject
Project("{FAE04EC0-301F-11D3-BF4B-00C04F79EFBC}") = "ProAgil.Repository", "ProAgil.Repository\ProAgil.Repository.csproj", "{6964511E-B4C7-4ECC-85AB-46DFB4978E38}"
EndProject
Project("{FAE04EC0-301F-11D3-BF4B-00C04F79EFBC}") = "ProAgil.Domain", "ProAgil.Domain\ProAgil.Domain.csproj", "{70F4729E-8243-4CF9-B710-6AEDE4D804F7}"
EndProject
Global
	GlobalSection(SolutionConfigurationPlatforms) = preSolution
		Debug|Any CPU = Debug|Any CPU
		Debug|x64 = Debug|x64
		Debug|x86 = Debug|x86
		Release|Any CPU = Release|Any CPU
		Release|x64 = Release|x64
		Release|x86 = Release|x86
	EndGlobalSection
	GlobalSection(SolutionProperties) = preSolution
		HideSolutionNode = FALSE
	EndGlobalSection
	GlobalSection(ProjectConfigurationPlatforms) = postSolution
		{57FD529E-CAD6-4D73-A197-3397A40DA6F5}.Debug|Any CPU.ActiveCfg = Debug|Any CPU
		{57FD529E-CAD6-4D73-A197-3397A40DA6F5}.Debug|Any CPU.Build.0 = Debug|Any CPU
		{57FD529E-CAD6-4D73-A197-3397A40DA6F5}.Debug|x64.ActiveCfg = Debug|Any CPU
		{57FD529E-CAD6-4D73-A197-3397A40DA6F5}.Debug|x64.Build.0 = Debug|Any CPU
		{57FD529E-CAD6-4D73-A197-3397A40DA6F5}.Debug|x86.ActiveCfg = Debug|Any CPU
		{57FD529E-CAD6-4D73-A197-3397A40DA6F5}.Debug|x86.Build.0 = Debug|Any CPU
		{57FD529E-CAD6-4D73-A197-3397A40DA6F5}.Release|Any CPU.ActiveCfg = Release|Any CPU
		{57FD529E-CAD6-4D73-A197-3397A40DA6F5}.Release|Any CPU.Build.0 = Release|Any CPU
		{57FD529E-CAD6-4D73-A197-3397A40DA6F5}.Release|x64.ActiveCfg = Release|Any CPU
		{57FD529E-CAD6-4D73-A197-3397A40DA6F5}.Release|x64.Build.0 = Release|Any CPU
		{57FD529E-CAD6-4D73-A197-3397A40DA6F5}.Release|x86.ActiveCfg = Release|Any CPU
		{57FD529E-CAD6-4D73-A197-3397A40DA6F5}.Release|x86.Build.0 = Release|Any CPU
		{6964511E-B4C7-4ECC-85AB-46DFB4978E38}.Debug|Any CPU.ActiveCfg = Debug|Any CPU
		{6964511E-B4C7-4ECC-85AB-46DFB4978E38}.Debug|Any CPU.Build.0 = Debug|Any CPU
		{6964511E-B4C7-4ECC-85AB-46DFB4978E38}.Debug|x64.ActiveCfg = Debug|Any CPU
		{6964511E-B4C7-4ECC-85AB-46DFB4978E38}.Debug|x64.Build.0 = Debug|Any CPU
		{6964511E-B4C7-4ECC-85AB-46DFB4978E38}.Debug|x86.ActiveCfg = Debug|Any CPU
		{6964511E-B4C7-4ECC-85AB-46DFB4978E38}.Debug|x86.Build.0 = Debug|Any CPU
		{6964511E-B4C7-4ECC-85AB-46DFB4978E38}.Release|Any CPU.ActiveCfg = Release|Any CPU
		{6964511E-B4C7-4ECC-85AB-46DFB4978E38}.Release|Any CPU.Build.0 = Release|Any CPU
		{6964511E-B4C7-4ECC-85AB-46DFB4978E38}.Release|x64.ActiveCfg = Release|Any CPU
		{6964511E-B4C7-4ECC-85AB-46DFB4978E38}.Release|x64.Build.0 = Release|Any CPU
		{6964511E-B4C7-4ECC-85AB-46DFB4978E38}.Release|x86.ActiveCfg = Release|Any CPU
		{6964511E-B4C7-4ECC-85AB-46DFB4978E38}.Release|x86.Build.0 = Release|Any CPU
		{70F4729E-8243-4CF9-B710-6AEDE4D804F7}.Debug|Any CPU.ActiveCfg = Debug|Any CPU
		{70F4729E-8243-4CF9-B710-6AEDE4D804F7}.Debug|Any CPU.Build.0 = Debug|Any CPU
		{70F4729E-8243-4CF9-B710-6AEDE4D804F7}.Debug|x64.ActiveCfg = Debug|Any CPU
		{70F4729E-8243-4CF9-B710-6AEDE4D804F7}.Debug|x64.Build.0 = Debug|Any CPU
		{70F4729E-8243-4CF9-B710-6AEDE4D804F7}.Debug|x86.ActiveCfg = Debug|Any CPU
		{70F4729E-8243-4CF9-B710-6AEDE4D804F7}.Debug|x86.Build.0 = Debug|Any CPU
		{70F4729E-8243-4CF9-B710-6AEDE4D804F7}.Release|Any CPU.ActiveCfg = Release|Any CPU
		{70F4729E-8243-4CF9-B710-6AEDE4D804F7}.Release|Any CPU.Build.0 = Release|Any CPU
		{70F4729E-8243-4CF9-B710-6AEDE4D804F7}.Release|x64.ActiveCfg = Release|Any CPU
		{70F4729E-8243-4CF9-B710-6AEDE4D804F7}.Release|x64.Build.0 = Release|Any CPU
		{70F4729E-8243-4CF9-B710-6AEDE4D804F7}.Release|x86.ActiveCfg = Release|Any CPU
		{70F4729E-8243-4CF9-B710-6AEDE4D804F7}.Release|x86.Build.0 = Release|Any CPU
	EndGlobalSection
EndGlobal
